
Microsoft Visual Studio Solution File, Format Version 12.00
# Visual Studio Version 16
VisualStudioVersion = 16.0.30002.166
MinimumVisualStudioVersion = 10.0.40219.1
Project("{FAE04EC0-301F-11D3-BF4B-00C04F79EFBC}") = "App1.Android", "App1\App1.Android\App1.Android.csproj", "{B944C6A9-BFDF-47B7-B272-47E3EF52054D}"
EndProject
Project("{FAE04EC0-301F-11D3-BF4B-00C04F79EFBC}") = "App1.iOS", "App1\App1.iOS\App1.iOS.csproj", "{A4FA699B-7490-4D35-9046-DDA9045F5EF4}"
EndProject
Project("{FAE04EC0-301F-11D3-BF4B-00C04F79EFBC}") = "App1", "App1\App1\App1.csproj", "{FD021620-B638-47F8-B7C9-77CF3C38B481}"
EndProject
Global
	GlobalSection(SolutionConfigurationPlatforms) = preSolution
		Debug|Any CPU = Debug|Any CPU
		Debug|iPhone = Debug|iPhone
		Debug|iPhoneSimulator = Debug|iPhoneSimulator
		Release|Any CPU = Release|Any CPU
		Release|iPhone = Release|iPhone
		Release|iPhoneSimulator = Release|iPhoneSimulator
	EndGlobalSection
	GlobalSection(ProjectConfigurationPlatforms) = postSolution
		{B944C6A9-BFDF-47B7-B272-47E3EF52054D}.Debug|Any CPU.ActiveCfg = Debug|Any CPU
		{B944C6A9-BFDF-47B7-B272-47E3EF52054D}.Debug|Any CPU.Build.0 = Debug|Any CPU
		{B944C6A9-BFDF-47B7-B272-47E3EF52054D}.Debug|Any CPU.Deploy.0 = Debug|Any CPU
		{B944C6A9-BFDF-47B7-B272-47E3EF52054D}.Debug|iPhone.ActiveCfg = Debug|Any CPU
		{B944C6A9-BFDF-47B7-B272-47E3EF52054D}.Debug|iPhone.Build.0 = Debug|Any CPU
		{B944C6A9-BFDF-47B7-B272-47E3EF52054D}.Debug|iPhone.Deploy.0 = Debug|Any CPU
		{B944C6A9-BFDF-47B7-B272-47E3EF52054D}.Debug|iPhoneSimulator.ActiveCfg = Debug|Any CPU
		{B944C6A9-BFDF-47B7-B272-47E3EF52054D}.Debug|iPhoneSimulator.Build.0 = Debug|Any CPU
		{B944C6A9-BFDF-47B7-B272-47E3EF52054D}.Debug|iPhoneSimulator.Deploy.0 = Debug|Any CPU
		{B944C6A9-BFDF-47B7-B272-47E3EF52054D}.Release|Any CPU.ActiveCfg = Release|Any CPU
		{B944C6A9-BFDF-47B7-B272-47E3EF52054D}.Release|Any CPU.Build.0 = Release|Any CPU
		{B944C6A9-BFDF-47B7-B272-47E3EF52054D}.Release|Any CPU.Deploy.0 = Release|Any CPU
		{B944C6A9-BFDF-47B7-B272-47E3EF52054D}.Release|iPhone.ActiveCfg = Release|Any CPU
		{B944C6A9-BFDF-47B7-B272-47E3EF52054D}.Release|iPhone.Build.0 = Release|Any CPU
		{B944C6A9-BFDF-47B7-B272-47E3EF52054D}.Release|iPhone.Deploy.0 = Release|Any CPU
		{B944C6A9-BFDF-47B7-B272-47E3EF52054D}.Release|iPhoneSimulator.ActiveCfg = Release|Any CPU
		{B944C6A9-BFDF-47B7-B272-47E3EF52054D}.Release|iPhoneSimulator.Build.0 = Release|Any CPU
		{B944C6A9-BFDF-47B7-B272-47E3EF52054D}.Release|iPhoneSimulator.Deploy.0 = Release|Any CPU
		{A4FA699B-7490-4D35-9046-DDA9045F5EF4}.Debug|Any CPU.ActiveCfg = Debug|iPhone
		{A4FA699B-7490-4D35-9046-DDA9045F5EF4}.Debug|Any CPU.Build.0 = Debug|iPhone
		{A4FA699B-7490-4D35-9046-DDA9045F5EF4}.Debug|Any CPU.Deploy.0 = Debug|iPhone
		{A4FA699B-7490-4D35-9046-DDA9045F5EF4}.Debug|iPhone.ActiveCfg = Debug|iPhone
		{A4FA699B-7490-4D35-9046-DDA9045F5EF4}.Debug|iPhone.Build.0 = Debug|iPhone
		{A4FA699B-7490-4D35-9046-DDA9045F5EF4}.Debug|iPhone.Deploy.0 = Debug|iPhone
		{A4FA699B-7490-4D35-9046-DDA9045F5EF4}.Debug|iPhoneSimulator.ActiveCfg = Debug|iPhoneSimulator
		{A4FA699B-7490-4D35-9046-DDA9045F5EF4}.Debug|iPhoneSimulator.Build.0 = Debug|iPhoneSimulator
		{A4FA699B-7490-4D35-9046-DDA9045F5EF4}.Debug|iPhoneSimulator.Deploy.0 = Debug|iPhoneSimulator
		{A4FA699B-7490-4D35-9046-DDA9045F5EF4}.Release|Any CPU.ActiveCfg = Release|iPhone
		{A4FA699B-7490-4D35-9046-DDA9045F5EF4}.Release|Any CPU.Build.0 = Release|iPhone
		{A4FA699B-7490-4D35-9046-DDA9045F5EF4}.Release|Any CPU.Deploy.0 = Release|iPhone
		{A4FA699B-7490-4D35-9046-DDA9045F5EF4}.Release|iPhone.ActiveCfg = Release|iPhone
		{A4FA699B-7490-4D35-9046-DDA9045F5EF4}.Release|iPhone.Build.0 = Release|iPhone
		{A4FA699B-7490-4D35-9046-DDA9045F5EF4}.Release|iPhone.Deploy.0 = Release|iPhone
		{A4FA699B-7490-4D35-9046-DDA9045F5EF4}.Release|iPhoneSimulator.ActiveCfg = Release|iPhoneSimulator
		{A4FA699B-7490-4D35-9046-DDA9045F5EF4}.Release|iPhoneSimulator.Build.0 = Release|iPhoneSimulator
		{A4FA699B-7490-4D35-9046-DDA9045F5EF4}.Release|iPhoneSimulator.Deploy.0 = Release|iPhoneSimulator
		{FD021620-B638-47F8-B7C9-77CF3C38B481}.Debug|Any CPU.ActiveCfg = Debug|Any CPU
		{FD021620-B638-47F8-B7C9-77CF3C38B481}.Debug|Any CPU.Build.0 = Debug|Any CPU
		{FD021620-B638-47F8-B7C9-77CF3C38B481}.Debug|Any CPU.Deploy.0 = Debug|Any CPU
		{FD021620-B638-47F8-B7C9-77CF3C38B481}.Debug|iPhone.ActiveCfg = Debug|Any CPU
		{FD021620-B638-47F8-B7C9-77CF3C38B481}.Debug|iPhone.Build.0 = Debug|Any CPU
		{FD021620-B638-47F8-B7C9-77CF3C38B481}.Debug|iPhone.Deploy.0 = Debug|Any CPU
		{FD021620-B638-47F8-B7C9-77CF3C38B481}.Debug|iPhoneSimulator.ActiveCfg = Debug|Any CPU
		{FD021620-B638-47F8-B7C9-77CF3C38B481}.Debug|iPhoneSimulator.Build.0 = Debug|Any CPU
		{FD021620-B638-47F8-B7C9-77CF3C38B481}.Debug|iPhoneSimulator.Deploy.0 = Debug|Any CPU
		{FD021620-B638-47F8-B7C9-77CF3C38B481}.Release|Any CPU.ActiveCfg = Release|Any CPU
		{FD021620-B638-47F8-B7C9-77CF3C38B481}.Release|Any CPU.Build.0 = Release|Any CPU
		{FD021620-B638-47F8-B7C9-77CF3C38B481}.Release|Any CPU.Deploy.0 = Release|Any CPU
		{FD021620-B638-47F8-B7C9-77CF3C38B481}.Release|iPhone.ActiveCfg = Release|Any CPU
		{FD021620-B638-47F8-B7C9-77CF3C38B481}.Release|iPhone.Build.0 = Release|Any CPU
		{FD021620-B638-47F8-B7C9-77CF3C38B481}.Release|iPhone.Deploy.0 = Release|Any CPU
		{FD021620-B638-47F8-B7C9-77CF3C38B481}.Release|iPhoneSimulator.ActiveCfg = Release|Any CPU
		{FD021620-B638-47F8-B7C9-77CF3C38B481}.Release|iPhoneSimulator.Build.0 = Release|Any CPU
		{FD021620-B638-47F8-B7C9-77CF3C38B481}.Release|iPhoneSimulator.Deploy.0 = Release|Any CPU
	EndGlobalSection
	GlobalSection(SolutionProperties) = preSolution
		HideSolutionNode = FALSE
	EndGlobalSection
	GlobalSection(ExtensibilityGlobals) = postSolution
		SolutionGuid = {2CDD27E1-CCA4-4F1C-9264-BE10A6E92F38}
	EndGlobalSection
EndGlobal
